
Microsoft Visual Studio Solution File, Format Version 12.00
# Visual Studio Version 17
VisualStudioVersion = 17.5.33414.496
MinimumVisualStudioVersion = 10.0.40219.1
Project("{FAE04EC0-301F-11D3-BF4B-00C04F79EFBC}") = "Employee Management System", "Employee Management System\Employee Management System.csproj", "{BF89591E-5983-4C2D-98D3-50189653E8CC}"
EndProject
Global
	GlobalSection(SolutionConfigurationPlatforms) = preSolution
		Debug|Any CPU = Debug|Any CPU
		Release|Any CPU = Release|Any CPU
	EndGlobalSection
	GlobalSection(ProjectConfigurationPlatforms) = postSolution
		{BF89591E-5983-4C2D-98D3-50189653E8CC}.Debug|Any CPU.ActiveCfg = Debug|Any CPU
		{BF89591E-5983-4C2D-98D3-50189653E8CC}.Debug|Any CPU.Build.0 = Debug|Any CPU
		{BF89591E-5983-4C2D-98D3-50189653E8CC}.Release|Any CPU.ActiveCfg = Release|Any CPU
		{BF89591E-5983-4C2D-98D3-50189653E8CC}.Release|Any CPU.Build.0 = Release|Any CPU
	EndGlobalSection
	GlobalSection(SolutionProperties) = preSolution
		HideSolutionNode = FALSE
	EndGlobalSection
	GlobalSection(ExtensibilityGlobals) = postSolution
		SolutionGuid = {0D83F089-4B7C-42B9-A523-79A8C3A6DF13}
	EndGlobalSection
EndGlobal
